{
  "version": 4,
  "terraform_version": "1.2.9",
  "serial": 1,
  "lineage": "eb1348b9-6406-02bc-c578-677c013dd93f",
  "outputs": {},
  "resources": [
    {
      "mode": "managed",
      "type": "local_file",
      "name": "tffiles",
      "provider": "provider[\"registry.terraform.io/hashicorp/local\"]",
      "instances": [
        {
          "schema_version": 0,
          "attributes": {
            "content": "This is my first local file in this directory",
            "content_base64": null,
            "directory_permission": "0777",
            "file_permission": "0777",
            "filename": "./firstfile.txt",
            "id": "bdc7f69e11cd4ca5f7cba059542bfcec137a271d",
            "sensitive_content": null,
            "source": null
          },
          "sensitive_attributes": [],
          "private": "bnVsbA=="
        }
      ]
    }
  ]
}
